
Microsoft Visual Studio Solution File, Format Version 12.00
# Visual Studio Version 17
VisualStudioVersion = 17.12.35527.113 d17.12
MinimumVisualStudioVersion = 10.0.40219.1
Project("{FAE04EC0-301F-11D3-BF4B-00C04F79EFBC}") = "DIVIDE_BY_ZERO", "DIVIDE_BY_ZERO.csproj", "{967FD197-36D2-4D62-80B4-93553AC70E7B}"
EndProject
Global
	GlobalSection(SolutionConfigurationPlatforms) = preSolution
		Debug|Any CPU = Debug|Any CPU
		Release|Any CPU = Release|Any CPU
	EndGlobalSection
	GlobalSection(ProjectConfigurationPlatforms) = postSolution
		{967FD197-36D2-4D62-80B4-93553AC70E7B}.Debug|Any CPU.ActiveCfg = Debug|Any CPU
		{967FD197-36D2-4D62-80B4-93553AC70E7B}.Debug|Any CPU.Build.0 = Debug|Any CPU
		{967FD197-36D2-4D62-80B4-93553AC70E7B}.Release|Any CPU.ActiveCfg = Release|Any CPU
		{967FD197-36D2-4D62-80B4-93553AC70E7B}.Release|Any CPU.Build.0 = Release|Any CPU
	EndGlobalSection
	GlobalSection(SolutionProperties) = preSolution
		HideSolutionNode = FALSE
	EndGlobalSection
EndGlobal
